<?xml version="1.0" encoding="utf-8"?>
<Project ToolsVersion="4.0" xmlns="http://schemas.microsoft.com/developer/msbuild/2003">
	<ItemGroup>
		<Filter Include="Source Files">
			<UniqueIdentifier>{4FC737F1-C7A5-4376-A066-2A32D752A2FF}</UniqueIdentifier>
			<Extensions>cpp;c;cc;cxx;c++;cppm;ixx;def;odl;idl;hpj;bat;asm;asmx</Extensions>
		</Filter>
		<Filter Include="Header Files">
			<UniqueIdentifier>{93995380-89BD-4b04-88EB-625FBE52EBFB}</UniqueIdentifier>
			<Extensions>h;hh;hpp;hxx;h++;hm;inl;inc;ipp;xsd</Extensions>
		</Filter>
		<Filter Include="Resource Files">
			<UniqueIdentifier>{67DA6AB6-F800-4c08-8B7A-83BB121AAD01}</UniqueIdentifier>
			<Extensions>rc;ico;cur;bmp;dlg;rc2;rct;bin;rgs;gif;jpg;jpeg;jpe;resx;tiff;tif;png;wav;mfcribbon-ms</Extensions>
		</Filter>
		<Filter Include="Header Files\Externos">
			<UniqueIdentifier>{a6cc813c-90f5-4ddc-bc30-b9a08332fc53}</UniqueIdentifier>
		</Filter>
		<Filter Include="Source Files\Externos">
			<UniqueIdentifier>{8ae7d965-9330-4b06-948f-8f97cae6dbf5}</UniqueIdentifier>
		</Filter>
		<Filter Include="Header Files\Usuario">
			<UniqueIdentifier>{945b32f3-f9d6-4869-b4ef-26da3e06a893}</UniqueIdentifier>
		</Filter>
		<Filter Include="Header Files\EstructurasNecesarias">
			<UniqueIdentifier>{c2ed776f-0afc-4baf-aa5f-ff2dfe77b24d}</UniqueIdentifier>
		</Filter>
		<Filter Include="Header Files\Principal">
			<UniqueIdentifier>{dcdbcf29-aad2-48b0-872b-eaa285158406}</UniqueIdentifier>
		</Filter>
		<Filter Include="Header Files\Pelicula">
			<UniqueIdentifier>{c742d1c3-e6d8-41d8-b852-0d38477931a9}</UniqueIdentifier>
		</Filter>
		<Filter Include="Header Files\ExtructurasSecundarias">
			<UniqueIdentifier>{b537bc36-ccab-4174-98f2-0e0bd6546f83}</UniqueIdentifier>
		</Filter>
	</ItemGroup>
	<ItemGroup>
		<ResourceCompile Include="app.rc">
			<Filter>Resource Files</Filter>
		</ResourceCompile>
	</ItemGroup>
	<ItemGroup>
		<ClInclude Include="Programa.h">
			<Filter>Header Files</Filter>
		</ClInclude>
		<ClInclude Include="pch.h">
			<Filter>Header Files\Externos</Filter>
		</ClInclude>
		<ClInclude Include="Resource.h">
			<Filter>Header Files\Externos</Filter>
		</ClInclude>
		<ClInclude Include="Usuario.h">
			<Filter>Header Files\Usuario</Filter>
		</ClInclude>
		<ClInclude Include="Dependencias.h">
			<Filter>Header Files\Externos</Filter>
		</ClInclude>
		<ClInclude Include="TablaHash.h">
			<Filter>Header Files\EstructurasNecesarias</Filter>
		</ClInclude>
		<ClInclude Include="Nodo.h">
			<Filter>Header Files\EstructurasNecesarias</Filter>
		</ClInclude>
		<ClInclude Include="RepositorioUsuario.h">
			<Filter>Header Files\Usuario</Filter>
		</ClInclude>
		<ClInclude Include="Controlador.h">
			<Filter>Header Files\Principal</Filter>
		</ClInclude>
		<ClInclude Include="ListaSimple.h">
			<Filter>Header Files\EstructurasNecesarias</Filter>
		</ClInclude>
		<ClInclude Include="Pelicula.h">
			<Filter>Header Files\Pelicula</Filter>
		</ClInclude>
		<ClInclude Include="DatosGPelicula.h">
			<Filter>Header Files\ExtructurasSecundarias</Filter>
		</ClInclude>
		<ClInclude Include="RepositorioPelicula.h">
			<Filter>Header Files\Pelicula</Filter>
		</ClInclude>
		<ClInclude Include="ListaDobleCircular.h">
			<Filter>Header Files\EstructurasNecesarias</Filter>
		</ClInclude>
		<ClInclude Include="Inicio.h">
			<Filter>Header Files</Filter>
		</ClInclude>
		<ClInclude Include="MenuPrincipal.h">
			<Filter>Header Files</Filter>
		</ClInclude>
		<ClInclude Include="SeleccionPerfil.h">
			<Filter>Header Files</Filter>
		</ClInclude>
		<ClInclude Include="RepositorioPerfiles.h">
			<Filter>Header Files\Usuario</Filter>
		</ClInclude>
	</ItemGroup>
	<ItemGroup>
		<ClCompile Include="SebaSteam.cpp">
			<Filter>Source Files</Filter>
		</ClCompile>
		<ClCompile Include="Programa.cpp">
			<Filter>Header Files</Filter>
		</ClCompile>
		<ClCompile Include="AssemblyInfo.cpp">
			<Filter>Source Files\Externos</Filter>
		</ClCompile>
		<ClCompile Include="pch.cpp">
			<Filter>Source Files\Externos</Filter>
		</ClCompile>
		<ClCompile Include="Inicio.cpp">
			<Filter>Source Files</Filter>
		</ClCompile>
		<ClCompile Include="MenuPrincipal.cpp">
			<Filter>Source Files</Filter>
		</ClCompile>
		<ClCompile Include="SeleccionPerfil.cpp">
			<Filter>Source Files</Filter>
		</ClCompile>
	</ItemGroup>
	<ItemGroup>
		<Image Include="app.ico">
			<Filter>Resource Files</Filter>
		</Image>
	</ItemGroup>
</Project>